
Microsoft Visual Studio Solution File, Format Version 12.00
# Visual Studio Version 17
VisualStudioVersion = 17.11.35312.102
MinimumVisualStudioVersion = 10.0.40219.1
Project("{FAE04EC0-301F-11D3-BF4B-00C04F79EFBC}") = "AddrGen", "AddrGen\AddrGen.csproj", "{4F192304-AF40-4EFF-88A8-D976EE5E76EA}"
EndProject
Global
	GlobalSection(SolutionConfigurationPlatforms) = preSolution
		Debug|Any CPU = Debug|Any CPU
		Release|Any CPU = Release|Any CPU
	EndGlobalSection
	GlobalSection(ProjectConfigurationPlatforms) = postSolution
		{4F192304-AF40-4EFF-88A8-D976EE5E76EA}.Debug|Any CPU.ActiveCfg = Debug|Any CPU
		{4F192304-AF40-4EFF-88A8-D976EE5E76EA}.Debug|Any CPU.Build.0 = Debug|Any CPU
		{4F192304-AF40-4EFF-88A8-D976EE5E76EA}.Release|Any CPU.ActiveCfg = Release|Any CPU
		{4F192304-AF40-4EFF-88A8-D976EE5E76EA}.Release|Any CPU.Build.0 = Release|Any CPU
	EndGlobalSection
	GlobalSection(SolutionProperties) = preSolution
		HideSolutionNode = FALSE
	EndGlobalSection
	GlobalSection(ExtensibilityGlobals) = postSolution
		SolutionGuid = {32E494D1-175B-4301-987E-1CD115D884B0}
	EndGlobalSection
EndGlobal
